// !$*UTF8*$!
{
	archiveVersion = 1;
	classes = {
	};
	objectVersion = 55;
	objects = {

/* Begin PBXBuildFile section */
		33FE866E7388F0A583DF0DE4 /* Pods_EthnicityApp.framework in Frameworks */ = {isa = PBXBuildFile; fileRef = FC36E766FE54E8900E6E05A3 /* Pods_EthnicityApp.framework */; };
		62AF384227DB3A06003E5A5C /* homeBG.mp4 in Resources */ = {isa = PBXBuildFile; fileRef = 62AF384127DB3A06003E5A5C /* homeBG.mp4 */; };
		62AF384627E6CC1F003E5A5C /* Constants.swift in Sources */ = {isa = PBXBuildFile; fileRef = 62AF384527E6CC1F003E5A5C /* Constants.swift */; };
		62AF384827E6CE1D003E5A5C /* ProfileViewController.swift in Sources */ = {isa = PBXBuildFile; fileRef = 62AF384727E6CE1D003E5A5C /* ProfileViewController.swift */; };
		62B63C3F27DAEE66008025F2 /* AppDelegate.swift in Sources */ = {isa = PBXBuildFile; fileRef = 62B63C3E27DAEE66008025F2 /* AppDelegate.swift */; };
		62B63C4127DAEE66008025F2 /* SceneDelegate.swift in Sources */ = {isa = PBXBuildFile; fileRef = 62B63C4027DAEE66008025F2 /* SceneDelegate.swift */; };
		62B63C4327DAEE66008025F2 /* ViewController.swift in Sources */ = {isa = PBXBuildFile; fileRef = 62B63C4227DAEE66008025F2 /* ViewController.swift */; };
		62B63C4627DAEE66008025F2 /* Main.storyboard in Resources */ = {isa = PBXBuildFile; fileRef = 62B63C4427DAEE66008025F2 /* Main.storyboard */; };
		62B63C4827DAEE67008025F2 /* Assets.xcassets in Resources */ = {isa = PBXBuildFile; fileRef = 62B63C4727DAEE67008025F2 /* Assets.xcassets */; };
		62B63C4B27DAEE67008025F2 /* LaunchScreen.storyboard in Resources */ = {isa = PBXBuildFile; fileRef = 62B63C4927DAEE67008025F2 /* LaunchScreen.storyboard */; };
		62B63C5327DAF00F008025F2 /* PlayViewController.swift in Sources */ = {isa = PBXBuildFile; fileRef = 62B63C5227DAF00F008025F2 /* PlayViewController.swift */; };
		62B63C5527DAF03C008025F2 /* LoginViewController.swift in Sources */ = {isa = PBXBuildFile; fileRef = 62B63C5427DAF03C008025F2 /* LoginViewController.swift */; };
		62B63C5827DB00F4008025F2 /* SignUpViewController.swift in Sources */ = {isa = PBXBuildFile; fileRef = 62B63C5727DB00F4008025F2 /* SignUpViewController.swift */; };
		62B63C5B27DB0B23008025F2 /* FormStyles.swift in Sources */ = {isa = PBXBuildFile; fileRef = 62B63C5A27DB0B23008025F2 /* FormStyles.swift */; };
		62B63C5D27DB0CC8008025F2 /* FormValidation.swift in Sources */ = {isa = PBXBuildFile; fileRef = 62B63C5C27DB0CC8008025F2 /* FormValidation.swift */; };
		62B63C5F27DB21A3008025F2 /* GoogleService-Info.plist in Resources */ = {isa = PBXBuildFile; fileRef = 62B63C5E27DB21A3008025F2 /* GoogleService-Info.plist */; };
/* End PBXBuildFile section */

/* Begin PBXFileReference section */
		019714FE886D8C64C5113958 /* Pods-EthnicityApp.release.xcconfig */ = {isa = PBXFileReference; includeInIndex = 1; lastKnownFileType = text.xcconfig; name = "Pods-EthnicityApp.release.xcconfig"; path = "Target Support Files/Pods-EthnicityApp/Pods-EthnicityApp.release.xcconfig"; sourceTree = "<group>"; };
		62AF384127DB3A06003E5A5C /* homeBG.mp4 */ = {isa = PBXFileReference; lastKnownFileType = file; path = homeBG.mp4; sourceTree = "<group>"; };
		62AF384527E6CC1F003E5A5C /* Constants.swift */ = {isa = PBXFileReference; lastKnownFileType = sourcecode.swift; path = Constants.swift; sourceTree = "<group>"; };
		62AF384727E6CE1D003E5A5C /* ProfileViewController.swift */ = {isa = PBXFileReference; lastKnownFileType = sourcecode.swift; path = ProfileViewController.swift; sourceTree = "<group>"; };
		62B63C3B27DAEE66008025F2 /* EthnicityApp.app */ = {isa = PBXFileReference; explicitFileType = wrapper.application; includeInIndex = 0; path = EthnicityApp.app; sourceTree = BUILT_PRODUCTS_DIR; };
		62B63C3E27DAEE66008025F2 /* AppDelegate.swift */ = {isa = PBXFileReference; lastKnownFileType = sourcecode.swift; path = AppDelegate.swift; sourceTree = "<group>"; };
		62B63C4027DAEE66008025F2 /* SceneDelegate.swift */ = {isa = PBXFileReference; lastKnownFileType = sourcecode.swift; path = SceneDelegate.swift; sourceTree = "<group>"; };
		62B63C4227DAEE66008025F2 /* ViewController.swift */ = {isa = PBXFileReference; lastKnownFileType = sourcecode.swift; path = ViewController.swift; sourceTree = "<group>"; };
		62B63C4527DAEE66008025F2 /* Base */ = {isa = PBXFileReference; lastKnownFileType = file.storyboard; name = Base; path = Base.lproj/Main.storyboard; sourceTree = "<group>"; };
		62B63C4727DAEE67008025F2 /* Assets.xcassets */ = {isa = PBXFileReference; lastKnownFileType = folder.assetcatalog; path = Assets.xcassets; sourceTree = "<group>"; };
		62B63C4A27DAEE67008025F2 /* Base */ = {isa = PBXFileReference; lastKnownFileType = file.storyboard; name = Base; path = Base.lproj/LaunchScreen.storyboard; sourceTree = "<group>"; };
		62B63C4C27DAEE67008025F2 /* Info.plist */ = {isa = PBXFileReference; lastKnownFileType = text.plist.xml; path = Info.plist; sourceTree = "<group>"; };
		62B63C5227DAF00F008025F2 /* PlayViewController.swift */ = {isa = PBXFileReference; lastKnownFileType = sourcecode.swift; path = PlayViewController.swift; sourceTree = "<group>"; };
		62B63C5427DAF03C008025F2 /* LoginViewController.swift */ = {isa = PBXFileReference; lastKnownFileType = sourcecode.swift; path = LoginViewController.swift; sourceTree = "<group>"; };
		62B63C5727DB00F4008025F2 /* SignUpViewController.swift */ = {isa = PBXFileReference; lastKnownFileType = sourcecode.swift; path = SignUpViewController.swift; sourceTree = "<group>"; };
		62B63C5A27DB0B23008025F2 /* FormStyles.swift */ = {isa = PBXFileReference; lastKnownFileType = sourcecode.swift; path = FormStyles.swift; sourceTree = "<group>"; };
		62B63C5C27DB0CC8008025F2 /* FormValidation.swift */ = {isa = PBXFileReference; lastKnownFileType = sourcecode.swift; path = FormValidation.swift; sourceTree = "<group>"; };
		62B63C5E27DB21A3008025F2 /* GoogleService-Info.plist */ = {isa = PBXFileReference; fileEncoding = 4; lastKnownFileType = text.plist.xml; path = "GoogleService-Info.plist"; sourceTree = "<group>"; };
		9D2C958B24286463B1CD3F84 /* Pods-EthnicityApp.debug.xcconfig */ = {isa = PBXFileReference; includeInIndex = 1; lastKnownFileType = text.xcconfig; name = "Pods-EthnicityApp.debug.xcconfig"; path = "Target Support Files/Pods-EthnicityApp/Pods-EthnicityApp.debug.xcconfig"; sourceTree = "<group>"; };
		FC36E766FE54E8900E6E05A3 /* Pods_EthnicityApp.framework */ = {isa = PBXFileReference; explicitFileType = wrapper.framework; includeInIndex = 0; path = Pods_EthnicityApp.framework; sourceTree = BUILT_PRODUCTS_DIR; };
/* End PBXFileReference section */

/* Begin PBXFrameworksBuildPhase section */
		62B63C3827DAEE66008025F2 /* Frameworks */ = {
			isa = PBXFrameworksBuildPhase;
			buildActionMask = 2147483647;
			files = (
				33FE866E7388F0A583DF0DE4 /* Pods_EthnicityApp.framework in Frameworks */,
			);
			runOnlyForDeploymentPostprocessing = 0;
		};
/* End PBXFrameworksBuildPhase section */

/* Begin PBXGroup section */
		1B9262140D34E632A0CD47CD /* Frameworks */ = {
			isa = PBXGroup;
			children = (
				FC36E766FE54E8900E6E05A3 /* Pods_EthnicityApp.framework */,
			);
			name = Frameworks;
			sourceTree = "<group>";
		};
		62AF383E27DB38D6003E5A5C /* Media */ = {
			isa = PBXGroup;
			children = (
				62AF384127DB3A06003E5A5C /* homeBG.mp4 */,
			);
			path = Media;
			sourceTree = "<group>";
		};
		62B63C3227DAEE66008025F2 = {
			isa = PBXGroup;
			children = (
				62B63C3D27DAEE66008025F2 /* EthnicityApp */,
				62B63C3C27DAEE66008025F2 /* Products */,
				A73BA1CB48EF2641DA8E142B /* Pods */,
				1B9262140D34E632A0CD47CD /* Frameworks */,
			);
			sourceTree = "<group>";
		};
		62B63C3C27DAEE66008025F2 /* Products */ = {
			isa = PBXGroup;
			children = (
				62B63C3B27DAEE66008025F2 /* EthnicityApp.app */,
			);
			name = Products;
			sourceTree = "<group>";
		};
		62B63C3D27DAEE66008025F2 /* EthnicityApp */ = {
			isa = PBXGroup;
			children = (
				62AF383E27DB38D6003E5A5C /* Media */,
				62B63C5927DB0AFB008025F2 /* Helpers */,
				62B63C5627DAF062008025F2 /* ViewControllers */,
				62B63C3E27DAEE66008025F2 /* AppDelegate.swift */,
				62B63C4027DAEE66008025F2 /* SceneDelegate.swift */,
				62B63C4427DAEE66008025F2 /* Main.storyboard */,
				62B63C4727DAEE67008025F2 /* Assets.xcassets */,
				62B63C4927DAEE67008025F2 /* LaunchScreen.storyboard */,
				62B63C4C27DAEE67008025F2 /* Info.plist */,
				62B63C5E27DB21A3008025F2 /* GoogleService-Info.plist */,
			);
			path = EthnicityApp;
			sourceTree = "<group>";
		};
		62B63C5627DAF062008025F2 /* ViewControllers */ = {
			isa = PBXGroup;
			children = (
				62B63C5227DAF00F008025F2 /* PlayViewController.swift */,
				62B63C4227DAEE66008025F2 /* ViewController.swift */,
				62B63C5427DAF03C008025F2 /* LoginViewController.swift */,
				62B63C5727DB00F4008025F2 /* SignUpViewController.swift */,
				62AF384727E6CE1D003E5A5C /* ProfileViewController.swift */,
			);
			path = ViewControllers;
			sourceTree = "<group>";
		};
		62B63C5927DB0AFB008025F2 /* Helpers */ = {
			isa = PBXGroup;
			children = (
				62B63C5A27DB0B23008025F2 /* FormStyles.swift */,
				62B63C5C27DB0CC8008025F2 /* FormValidation.swift */,
				62AF384527E6CC1F003E5A5C /* Constants.swift */,
			);
			path = Helpers;
			sourceTree = "<group>";
		};
		A73BA1CB48EF2641DA8E142B /* Pods */ = {
			isa = PBXGroup;
			children = (
				9D2C958B24286463B1CD3F84 /* Pods-EthnicityApp.debug.xcconfig */,
				019714FE886D8C64C5113958 /* Pods-EthnicityApp.release.xcconfig */,
			);
			path = Pods;
			sourceTree = "<group>";
		};
/* End PBXGroup section */

/* Begin PBXNativeTarget section */
		62B63C3A27DAEE66008025F2 /* EthnicityApp */ = {
			isa = PBXNativeTarget;
			buildConfigurationList = 62B63C4F27DAEE67008025F2 /* Build configuration list for PBXNativeTarget "EthnicityApp" */;
			buildPhases = (
				560B65D8158AB3AD6E88879F /* [CP] Check Pods Manifest.lock */,
				62B63C3727DAEE66008025F2 /* Sources */,
				62B63C3827DAEE66008025F2 /* Frameworks */,
				62B63C3927DAEE66008025F2 /* Resources */,
				F735E8A369E178DCDB32BED4 /* [CP] Embed Pods Frameworks */,
			);
			buildRules = (
			);
			dependencies = (
			);
			name = EthnicityApp;
			productName = EthnicityApp;
			productReference = 62B63C3B27DAEE66008025F2 /* EthnicityApp.app */;
			productType = "com.apple.product-type.application";
		};
/* End PBXNativeTarget section */

/* Begin PBXProject section */
		62B63C3327DAEE66008025F2 /* Project object */ = {
			isa = PBXProject;
			attributes = {
				BuildIndependentTargetsInParallel = 1;
				LastSwiftUpdateCheck = 1300;
				LastUpgradeCheck = 1300;
				TargetAttributes = {
					62B63C3A27DAEE66008025F2 = {
						CreatedOnToolsVersion = 13.0;
					};
				};
			};
			buildConfigurationList = 62B63C3627DAEE66008025F2 /* Build configuration list for PBXProject "EthnicityApp" */;
			compatibilityVersion = "Xcode 13.0";
			developmentRegion = en;
			hasScannedForEncodings = 0;
			knownRegions = (
				en,
				Base,
			);
			mainGroup = 62B63C3227DAEE66008025F2;
			productRefGroup = 62B63C3C27DAEE66008025F2 /* Products */;
			projectDirPath = "";
			projectRoot = "";
			targets = (
				62B63C3A27DAEE66008025F2 /* EthnicityApp */,
			);
		};
/* End PBXProject section */

/* Begin PBXResourcesBuildPhase section */
		62B63C3927DAEE66008025F2 /* Resources */ = {
			isa = PBXResourcesBuildPhase;
			buildActionMask = 2147483647;
			files = (
				62B63C4B27DAEE67008025F2 /* LaunchScreen.storyboard in Resources */,
				62AF384227DB3A06003E5A5C /* homeBG.mp4 in Resources */,
				62B63C5F27DB21A3008025F2 /* GoogleService-Info.plist in Resources */,
				62B63C4827DAEE67008025F2 /* Assets.xcassets in Resources */,
				62B63C4627DAEE66008025F2 /* Main.storyboard in Resources */,
			);
			runOnlyForDeploymentPostprocessing = 0;
		};
/* End PBXResourcesBuildPhase section */

/* Begin PBXShellScriptBuildPhase section */
		560B65D8158AB3AD6E88879F /* [CP] Check Pods Manifest.lock */ = {
			isa = PBXShellScriptBuildPhase;
			buildActionMask = 2147483647;
			files = (
			);
			inputFileListPaths = (
			);
			inputPaths = (
				"${PODS_PODFILE_DIR_PATH}/Podfile.lock",
				"${PODS_ROOT}/Manifest.lock",
			);
			name = "[CP] Check Pods Manifest.lock";
			outputFileListPaths = (
			);
			outputPaths = (
				"$(DERIVED_FILE_DIR)/Pods-EthnicityApp-checkManifestLockResult.txt",
			);
			runOnlyForDeploymentPostprocessing = 0;
			shellPath = /bin/sh;
			shellScript = "diff \"${PODS_PODFILE_DIR_PATH}/Podfile.lock\" \"${PODS_ROOT}/Manifest.lock\" > /dev/null\nif [ $? != 0 ] ; then\n    # print error to STDERR\n    echo \"error: The sandbox is not in sync with the Podfile.lock. Run 'pod install' or update your CocoaPods installation.\" >&2\n    exit 1\nfi\n# This output is used by Xcode 'outputs' to avoid re-running this script phase.\necho \"SUCCESS\" > \"${SCRIPT_OUTPUT_FILE_0}\"\n";
			showEnvVarsInLog = 0;
		};
		F735E8A369E178DCDB32BED4 /* [CP] Embed Pods Frameworks */ = {
			isa = PBXShellScriptBuildPhase;
			buildActionMask = 2147483647;
			files = (
			);
			inputFileListPaths = (
				"${PODS_ROOT}/Target Support Files/Pods-EthnicityApp/Pods-EthnicityApp-frameworks-${CONFIGURATION}-input-files.xcfilelist",
			);
			name = "[CP] Embed Pods Frameworks";
			outputFileListPaths = (
				"${PODS_ROOT}/Target Support Files/Pods-EthnicityApp/Pods-EthnicityApp-frameworks-${CONFIGURATION}-output-files.xcfilelist",
			);
			runOnlyForDeploymentPostprocessing = 0;
			shellPath = /bin/sh;
			shellScript = "\"${PODS_ROOT}/Target Support Files/Pods-EthnicityApp/Pods-EthnicityApp-frameworks.sh\"\n";
			showEnvVarsInLog = 0;
		};
/* End PBXShellScriptBuildPhase section */

/* Begin PBXSourcesBuildPhase section */
		62B63C3727DAEE66008025F2 /* Sources */ = {
			isa = PBXSourcesBuildPhase;
			buildActionMask = 2147483647;
			files = (
				62B63C5827DB00F4008025F2 /* SignUpViewController.swift in Sources */,
				62B63C5327DAF00F008025F2 /* PlayViewController.swift in Sources */,
				62AF384827E6CE1D003E5A5C /* ProfileViewController.swift in Sources */,
				62B63C5B27DB0B23008025F2 /* FormStyles.swift in Sources */,
				62B63C5D27DB0CC8008025F2 /* FormValidation.swift in Sources */,
				62B63C4327DAEE66008025F2 /* ViewController.swift in Sources */,
				62AF384627E6CC1F003E5A5C /* Constants.swift in Sources */,
				62B63C3F27DAEE66008025F2 /* AppDelegate.swift in Sources */,
				62B63C5527DAF03C008025F2 /* LoginViewController.swift in Sources */,
				62B63C4127DAEE66008025F2 /* SceneDelegate.swift in Sources */,
			);
			runOnlyForDeploymentPostprocessing = 0;
		};
/* End PBXSourcesBuildPhase section */

/* Begin PBXVariantGroup section */
		62B63C4427DAEE66008025F2 /* Main.storyboard */ = {
			isa = PBXVariantGroup;
			children = (
				62B63C4527DAEE66008025F2 /* Base */,
			);
			name = Main.storyboard;
			sourceTree = "<group>";
		};
		62B63C4927DAEE67008025F2 /* LaunchScreen.storyboard */ = {
			isa = PBXVariantGroup;
			children = (
				62B63C4A27DAEE67008025F2 /* Base */,
			);
			name = LaunchScreen.storyboard;
			sourceTree = "<group>";
		};
/* End PBXVariantGroup section */

/* Begin XCBuildConfiguration section */
		62B63C4D27DAEE67008025F2 /* Debug */ = {
			isa = XCBuildConfiguration;
			buildSettings = {
				ALWAYS_SEARCH_USER_PATHS = NO;
				CLANG_ANALYZER_NONNULL = YES;
				CLANG_ANALYZER_NUMBER_OBJECT_CONVERSION = YES_AGGRESSIVE;
				CLANG_CXX_LANGUAGE_STANDARD = "gnu++17";
				CLANG_CXX_LIBRARY = "libc++";
				CLANG_ENABLE_MODULES = YES;
				CLANG_ENABLE_OBJC_ARC = YES;
				CLANG_ENABLE_OBJC_WEAK = YES;
				CLANG_WARN_BLOCK_CAPTURE_AUTORELEASING = YES;
				CLANG_WARN_BOOL_CONVERSION = YES;
				CLANG_WARN_COMMA = YES;
				CLANG_WARN_CONSTANT_CONVERSION = YES;
				CLANG_WARN_DEPRECATED_OBJC_IMPLEMENTATIONS = YES;
				CLANG_WARN_DIRECT_OBJC_ISA_USAGE = YES_ERROR;
				CLANG_WARN_DOCUMENTATION_COMMENTS = YES;
				CLANG_WARN_EMPTY_BODY = YES;
				CLANG_WARN_ENUM_CONVERSION = YES;
				CLANG_WARN_INFINITE_RECURSION = YES;
				CLANG_WARN_INT_CONVERSION = YES;
				CLANG_WARN_NON_LITERAL_NULL_CONVERSION = YES;
				CLANG_WARN_OBJC_IMPLICIT_RETAIN_SELF = YES;
				CLANG_WARN_OBJC_LITERAL_CONVERSION = YES;
				CLANG_WARN_OBJC_ROOT_CLASS = YES_ERROR;
				CLANG_WARN_QUOTED_INCLUDE_IN_FRAMEWORK_HEADER = YES;
				CLANG_WARN_RANGE_LOOP_ANALYSIS = YES;
				CLANG_WARN_STRICT_PROTOTYPES = YES;
				CLANG_WARN_SUSPICIOUS_MOVE = YES;
				CLANG_WARN_UNGUARDED_AVAILABILITY = YES_AGGRESSIVE;
				CLANG_WARN_UNREACHABLE_CODE = YES;
				CLANG_WARN__DUPLICATE_METHOD_MATCH = YES;
				COPY_PHASE_STRIP = NO;
				DEBUG_INFORMATION_FORMAT = dwarf;
				ENABLE_STRICT_OBJC_MSGSEND = YES;
				ENABLE_TESTABILITY = YES;
				GCC_C_LANGUAGE_STANDARD = gnu11;
				GCC_DYNAMIC_NO_PIC = NO;
				GCC_NO_COMMON_BLOCKS = YES;
				GCC_OPTIMIZATION_LEVEL = 0;
				GCC_PREPROCESSOR_DEFINITIONS = (
					"DEBUG=1",
					"$(inherited)",
				);
				GCC_WARN_64_TO_32_BIT_CONVERSION = YES;
				GCC_WARN_ABOUT_RETURN_TYPE = YES_ERROR;
				GCC_WARN_UNDECLARED_SELECTOR = YES;
				GCC_WARN_UNINITIALIZED_AUTOS = YES_AGGRESSIVE;
				GCC_WARN_UNUSED_FUNCTION = YES;
				GCC_WARN_UNUSED_VARIABLE = YES;
				IPHONEOS_DEPLOYMENT_TARGET = 15.0;
				MTL_ENABLE_DEBUG_INFO = INCLUDE_SOURCE;
				MTL_FAST_MATH = YES;
				ONLY_ACTIVE_ARCH = YES;
				SDKROOT = iphoneos;
				SWIFT_ACTIVE_COMPILATION_CONDITIONS = DEBUG;
				SWIFT_OPTIMIZATION_LEVEL = "-Onone";
			};
			name = Debug;
		};
		62B63C4E27DAEE67008025F2 /* Release */ = {
			isa = XCBuildConfiguration;
			buildSettings = {
				ALWAYS_SEARCH_USER_PATHS = NO;
				CLANG_ANALYZER_NONNULL = YES;
				CLANG_ANALYZER_NUMBER_OBJECT_CONVERSION = YES_AGGRESSIVE;
				CLANG_CXX_LANGUAGE_STANDARD = "gnu++17";
				CLANG_CXX_LIBRARY = "libc++";
				CLANG_ENABLE_MODULES = YES;
				CLANG_ENABLE_OBJC_ARC = YES;
				CLANG_ENABLE_OBJC_WEAK = YES;
				CLANG_WARN_BLOCK_CAPTURE_AUTORELEASING = YES;
				CLANG_WARN_BOOL_CONVERSION = YES;
				CLANG_WARN_COMMA = YES;
				CLANG_WARN_CONSTANT_CONVERSION = YES;
				CLANG_WARN_DEPRECATED_OBJC_IMPLEMENTATIONS = YES;
				CLANG_WARN_DIRECT_OBJC_ISA_USAGE = YES_ERROR;
				CLANG_WARN_DOCUMENTATION_COMMENTS = YES;
				CLANG_WARN_EMPTY_BODY = YES;
				CLANG_WARN_ENUM_CONVERSION = YES;
				CLANG_WARN_INFINITE_RECURSION = YES;
				CLANG_WARN_INT_CONVERSION = YES;
				CLANG_WARN_NON_LITERAL_NULL_CONVERSION = YES;
				CLANG_WARN_OBJC_IMPLICIT_RETAIN_SELF = YES;
				CLANG_WARN_OBJC_LITERAL_CONVERSION = YES;
				CLANG_WARN_OBJC_ROOT_CLASS = YES_ERROR;
				CLANG_WARN_QUOTED_INCLUDE_IN_FRAMEWORK_HEADER = YES;
				CLANG_WARN_RANGE_LOOP_ANALYSIS = YES;
				CLANG_WARN_STRICT_PROTOTYPES = YES;
				CLANG_WARN_SUSPICIOUS_MOVE = YES;
				CLANG_WARN_UNGUARDED_AVAILABILITY = YES_AGGRESSIVE;
				CLANG_WARN_UNREACHABLE_CODE = YES;
				CLANG_WARN__DUPLICATE_METHOD_MATCH = YES;
				COPY_PHASE_STRIP = NO;
				DEBUG_INFORMATION_FORMAT = "dwarf-with-dsym";
				ENABLE_NS_ASSERTIONS = NO;
				ENABLE_STRICT_OBJC_MSGSEND = YES;
				GCC_C_LANGUAGE_STANDARD = gnu11;
				GCC_NO_COMMON_BLOCKS = YES;
				GCC_WARN_64_TO_32_BIT_CONVERSION = YES;
				GCC_WARN_ABOUT_RETURN_TYPE = YES_ERROR;
				GCC_WARN_UNDECLARED_SELECTOR = YES;
				GCC_WARN_UNINITIALIZED_AUTOS = YES_AGGRESSIVE;
				GCC_WARN_UNUSED_FUNCTION = YES;
				GCC_WARN_UNUSED_VARIABLE = YES;
				IPHONEOS_DEPLOYMENT_TARGET = 15.0;
				MTL_ENABLE_DEBUG_INFO = NO;
				MTL_FAST_MATH = YES;
				SDKROOT = iphoneos;
				SWIFT_COMPILATION_MODE = wholemodule;
				SWIFT_OPTIMIZATION_LEVEL = "-O";
				VALIDATE_PRODUCT = YES;
			};
			name = Release;
		};
		62B63C5027DAEE67008025F2 /* Debug */ = {
			isa = XCBuildConfiguration;
			baseConfigurationReference = 9D2C958B24286463B1CD3F84 /* Pods-EthnicityApp.debug.xcconfig */;
			buildSettings = {
				ASSETCATALOG_COMPILER_APPICON_NAME = AppIcon;
				ASSETCATALOG_COMPILER_GLOBAL_ACCENT_COLOR_NAME = AccentColor;
				CODE_SIGN_STYLE = Automatic;
				CURRENT_PROJECT_VERSION = 1;
				DEVELOPMENT_TEAM = Z27TYY8TL9;
				GENERATE_INFOPLIST_FILE = YES;
				INFOPLIST_FILE = EthnicityApp/Info.plist;
				INFOPLIST_KEY_UIApplicationSupportsIndirectInputEvents = YES;
				INFOPLIST_KEY_UILaunchStoryboardName = LaunchScreen;
				INFOPLIST_KEY_UIMainStoryboardFile = Main;
				INFOPLIST_KEY_UISupportedInterfaceOrientations_iPad = "UIInterfaceOrientationPortrait UIInterfaceOrientationPortraitUpsideDown UIInterfaceOrientationLandscapeLeft UIInterfaceOrientationLandscapeRight";
				INFOPLIST_KEY_UISupportedInterfaceOrientations_iPhone = "UIInterfaceOrientationPortrait UIInterfaceOrientationLandscapeLeft UIInterfaceOrientationLandscapeRight";
				LD_RUNPATH_SEARCH_PATHS = (
					"$(inherited)",
					"@executable_path/Frameworks",
				);
				MARKETING_VERSION = 1.0;
				PRODUCT_BUNDLE_IDENTIFIER = "com.kao-aaron.EthnicityApp";
				PRODUCT_NAME = "$(TARGET_NAME)";
				SWIFT_EMIT_LOC_STRINGS = YES;
				SWIFT_VERSION = 5.0;
				TARGETED_DEVICE_FAMILY = "1,2";
			};
			name = Debug;
		};
		62B63C5127DAEE67008025F2 /* Release */ = {
			isa = XCBuildConfiguration;
			baseConfigurationReference = 019714FE886D8C64C5113958 /* Pods-EthnicityApp.release.xcconfig */;
			buildSettings = {
				ASSETCATALOG_COMPILER_APPICON_NAME = AppIcon;
				ASSETCATALOG_COMPILER_GLOBAL_ACCENT_COLOR_NAME = AccentColor;
				CODE_SIGN_STYLE = Automatic;
				CURRENT_PROJECT_VERSION = 1;
				DEVELOPMENT_TEAM = Z27TYY8TL9;
				GENERATE_INFOPLIST_FILE = YES;
				INFOPLIST_FILE = EthnicityApp/Info.plist;
				INFOPLIST_KEY_UIApplicationSupportsIndirectInputEvents = YES;
				INFOPLIST_KEY_UILaunchStoryboardName = LaunchScreen;
				INFOPLIST_KEY_UIMainStoryboardFile = Main;
				INFOPLIST_KEY_UISupportedInterfaceOrientations_iPad = "UIInterfaceOrientationPortrait UIInterfaceOrientationPortraitUpsideDown UIInterfaceOrientationLandscapeLeft UIInterfaceOrientationLandscapeRight";
				INFOPLIST_KEY_UISupportedInterfaceOrientations_iPhone = "UIInterfaceOrientationPortrait UIInterfaceOrientationLandscapeLeft UIInterfaceOrientationLandscapeRight";
				LD_RUNPATH_SEARCH_PATHS = (
					"$(inherited)",
					"@executable_path/Frameworks",
				);
				MARKETING_VERSION = 1.0;
				PRODUCT_BUNDLE_IDENTIFIER = "com.kao-aaron.EthnicityApp";
				PRODUCT_NAME = "$(TARGET_NAME)";
				SWIFT_EMIT_LOC_STRINGS = YES;
				SWIFT_VERSION = 5.0;
				TARGETED_DEVICE_FAMILY = "1,2";
			};
			name = Release;
		};
/* End XCBuildConfiguration section */

/* Begin XCConfigurationList section */
		62B63C3627DAEE66008025F2 /* Build configuration list for PBXProject "EthnicityApp" */ = {
			isa = XCConfigurationList;
			buildConfigurations = (
				62B63C4D27DAEE67008025F2 /* Debug */,
				62B63C4E27DAEE67008025F2 /* Release */,
			);
			defaultConfigurationIsVisible = 0;
			defaultConfigurationName = Release;
		};
		62B63C4F27DAEE67008025F2 /* Build configuration list for PBXNativeTarget "EthnicityApp" */ = {
			isa = XCConfigurationList;
			buildConfigurations = (
				62B63C5027DAEE67008025F2 /* Debug */,
				62B63C5127DAEE67008025F2 /* Release */,
			);
			defaultConfigurationIsVisible = 0;
			defaultConfigurationName = Release;
		};
/* End XCConfigurationList section */
	};
	rootObject = 62B63C3327DAEE66008025F2 /* Project object */;
}
